
Microsoft Visual Studio Solution File, Format Version 12.00
# Visual Studio Version 16
VisualStudioVersion = 16.0.31729.503
MinimumVisualStudioVersion = 10.0.40219.1
Project("{9A19103F-16F7-4668-BE54-9A1E7A4F7556}") = "Ex2", "FisrtProj\Ex2.csproj", "{2BA23EC3-0CD7-4C87-AFA6-5B11BDF49FC3}"
EndProject
Project("{9A19103F-16F7-4668-BE54-9A1E7A4F7556}") = "Ex3", "Ex3\Ex3.csproj", "{77552726-CC1F-47FC-96B6-614726A04EEA}"
EndProject
Project("{9A19103F-16F7-4668-BE54-9A1E7A4F7556}") = "Ex1", "Ex1\Ex1.csproj", "{14D45CA1-CAAE-4617-B4A9-D2422CE84BEC}"
EndProject
Project("{9A19103F-16F7-4668-BE54-9A1E7A4F7556}") = "Ex4", "Ex4\Ex4.csproj", "{584690A4-0BAF-4F19-AA84-9BEB8FE7ADD7}"
EndProject
Project("{9A19103F-16F7-4668-BE54-9A1E7A4F7556}") = "Ex5", "Ex5\Ex5.csproj", "{26529F32-1674-438B-B54F-19D8DBE587A0}"
EndProject
Project("{9A19103F-16F7-4668-BE54-9A1E7A4F7556}") = "Ex6", "ConsoleApp1\Ex6.csproj", "{9D3F5695-15A5-4FAC-AB87-D715E7EEC09F}"
EndProject
Project("{9A19103F-16F7-4668-BE54-9A1E7A4F7556}") = "Ex7", "Ex7\Ex7.csproj", "{1E96F95F-ABA9-48A1-B950-DBDD222555D2}"
EndProject
Project("{9A19103F-16F7-4668-BE54-9A1E7A4F7556}") = "Ex8", "Ex8\Ex8.csproj", "{259C7A9B-EBC3-496E-B154-19D477C6A3FB}"
EndProject
Project("{FAE04EC0-301F-11D3-BF4B-00C04F79EFBC}") = "Ex11", "Ex11\Ex11.csproj", "{90C8B69F-08ED-496D-A853-9AD897B23033}"
EndProject
Global
	GlobalSection(SolutionConfigurationPlatforms) = preSolution
		Debug|Any CPU = Debug|Any CPU
		Release|Any CPU = Release|Any CPU
	EndGlobalSection
	GlobalSection(ProjectConfigurationPlatforms) = postSolution
		{2BA23EC3-0CD7-4C87-AFA6-5B11BDF49FC3}.Debug|Any CPU.ActiveCfg = Debug|Any CPU
		{2BA23EC3-0CD7-4C87-AFA6-5B11BDF49FC3}.Debug|Any CPU.Build.0 = Debug|Any CPU
		{2BA23EC3-0CD7-4C87-AFA6-5B11BDF49FC3}.Release|Any CPU.ActiveCfg = Release|Any CPU
		{2BA23EC3-0CD7-4C87-AFA6-5B11BDF49FC3}.Release|Any CPU.Build.0 = Release|Any CPU
		{77552726-CC1F-47FC-96B6-614726A04EEA}.Debug|Any CPU.ActiveCfg = Debug|Any CPU
		{77552726-CC1F-47FC-96B6-614726A04EEA}.Debug|Any CPU.Build.0 = Debug|Any CPU
		{77552726-CC1F-47FC-96B6-614726A04EEA}.Release|Any CPU.ActiveCfg = Release|Any CPU
		{77552726-CC1F-47FC-96B6-614726A04EEA}.Release|Any CPU.Build.0 = Release|Any CPU
		{14D45CA1-CAAE-4617-B4A9-D2422CE84BEC}.Debug|Any CPU.ActiveCfg = Debug|Any CPU
		{14D45CA1-CAAE-4617-B4A9-D2422CE84BEC}.Debug|Any CPU.Build.0 = Debug|Any CPU
		{14D45CA1-CAAE-4617-B4A9-D2422CE84BEC}.Release|Any CPU.ActiveCfg = Release|Any CPU
		{14D45CA1-CAAE-4617-B4A9-D2422CE84BEC}.Release|Any CPU.Build.0 = Release|Any CPU
		{584690A4-0BAF-4F19-AA84-9BEB8FE7ADD7}.Debug|Any CPU.ActiveCfg = Debug|Any CPU
		{584690A4-0BAF-4F19-AA84-9BEB8FE7ADD7}.Debug|Any CPU.Build.0 = Debug|Any CPU
		{584690A4-0BAF-4F19-AA84-9BEB8FE7ADD7}.Release|Any CPU.ActiveCfg = Release|Any CPU
		{584690A4-0BAF-4F19-AA84-9BEB8FE7ADD7}.Release|Any CPU.Build.0 = Release|Any CPU
		{26529F32-1674-438B-B54F-19D8DBE587A0}.Debug|Any CPU.ActiveCfg = Debug|Any CPU
		{26529F32-1674-438B-B54F-19D8DBE587A0}.Debug|Any CPU.Build.0 = Debug|Any CPU
		{26529F32-1674-438B-B54F-19D8DBE587A0}.Release|Any CPU.ActiveCfg = Release|Any CPU
		{26529F32-1674-438B-B54F-19D8DBE587A0}.Release|Any CPU.Build.0 = Release|Any CPU
		{9D3F5695-15A5-4FAC-AB87-D715E7EEC09F}.Debug|Any CPU.ActiveCfg = Debug|Any CPU
		{9D3F5695-15A5-4FAC-AB87-D715E7EEC09F}.Debug|Any CPU.Build.0 = Debug|Any CPU
		{9D3F5695-15A5-4FAC-AB87-D715E7EEC09F}.Release|Any CPU.ActiveCfg = Release|Any CPU
		{9D3F5695-15A5-4FAC-AB87-D715E7EEC09F}.Release|Any CPU.Build.0 = Release|Any CPU
		{1E96F95F-ABA9-48A1-B950-DBDD222555D2}.Debug|Any CPU.ActiveCfg = Debug|Any CPU
		{1E96F95F-ABA9-48A1-B950-DBDD222555D2}.Debug|Any CPU.Build.0 = Debug|Any CPU
		{1E96F95F-ABA9-48A1-B950-DBDD222555D2}.Release|Any CPU.ActiveCfg = Release|Any CPU
		{1E96F95F-ABA9-48A1-B950-DBDD222555D2}.Release|Any CPU.Build.0 = Release|Any CPU
		{259C7A9B-EBC3-496E-B154-19D477C6A3FB}.Debug|Any CPU.ActiveCfg = Debug|Any CPU
		{259C7A9B-EBC3-496E-B154-19D477C6A3FB}.Debug|Any CPU.Build.0 = Debug|Any CPU
		{259C7A9B-EBC3-496E-B154-19D477C6A3FB}.Release|Any CPU.ActiveCfg = Release|Any CPU
		{259C7A9B-EBC3-496E-B154-19D477C6A3FB}.Release|Any CPU.Build.0 = Release|Any CPU
		{90C8B69F-08ED-496D-A853-9AD897B23033}.Debug|Any CPU.ActiveCfg = Debug|Any CPU
		{90C8B69F-08ED-496D-A853-9AD897B23033}.Debug|Any CPU.Build.0 = Debug|Any CPU
		{90C8B69F-08ED-496D-A853-9AD897B23033}.Release|Any CPU.ActiveCfg = Release|Any CPU
		{90C8B69F-08ED-496D-A853-9AD897B23033}.Release|Any CPU.Build.0 = Release|Any CPU
	EndGlobalSection
	GlobalSection(SolutionProperties) = preSolution
		HideSolutionNode = FALSE
	EndGlobalSection
	GlobalSection(ExtensibilityGlobals) = postSolution
		SolutionGuid = {1F9073D7-D6D6-417D-9DCD-B8BAF3AA6AF7}
	EndGlobalSection
EndGlobal
